{
  "name": "reflaxe.c",
  "version": "0.0.0",
  "lockfileVersion": 3,
  "requires": true,
  "packages": {
    "": {
      "name": "reflaxe.c",
      "version": "0.0.0",
      "hasInstallScript": true,
      "license": "GPL-3.0-only",
      "devDependencies": {
        "lix": "17.0.2"
      },
      "engines": {
        "node": ">=20"
      }
    },
    "node_modules/lix": {
      "version": "17.0.2",
      "resolved": "https://registry.npmjs.org/lix/-/lix-17.0.2.tgz",
      "integrity": "sha512-Y8d2wU8e+p4M442dvHfvCGJSmwPQNHn07/qDQU2Fu+iNfJrWr5SRFQlN6/iHkBGgzbCdrVca6f+iutfcZgch8A==",
      "dev": true,
      "hasInstallScript": true,
      "license": "MIT",
      "bin": {
        "haxe": "bin/haxeshim.js",
        "haxelib": "bin/haxelibshim.js",
        "lix": "bin/lix.js",
        "neko": "bin/nekoshim.js"
      }
    }
  }
}
